
Microsoft Visual Studio Solution File, Format Version 12.00
# Visual Studio Version 16
VisualStudioVersion = 16.0.29215.179
MinimumVisualStudioVersion = 10.0.40219.1
Project("{FAE04EC0-301F-11D3-BF4B-00C04F79EFBC}") = "WpfApp1", "WpfApp1\WpfApp1.csproj", "{E080321E-A2C5-4643-8291-BD89FD633FF6}"
EndProject
Global
	GlobalSection(SolutionConfigurationPlatforms) = preSolution
		Debug|Any CPU = Debug|Any CPU
		Release|Any CPU = Release|Any CPU
	EndGlobalSection
	GlobalSection(ProjectConfigurationPlatforms) = postSolution
		{E080321E-A2C5-4643-8291-BD89FD633FF6}.Debug|Any CPU.ActiveCfg = Debug|Any CPU
		{E080321E-A2C5-4643-8291-BD89FD633FF6}.Debug|Any CPU.Build.0 = Debug|Any CPU
		{E080321E-A2C5-4643-8291-BD89FD633FF6}.Release|Any CPU.ActiveCfg = Release|Any CPU
		{E080321E-A2C5-4643-8291-BD89FD633FF6}.Release|Any CPU.Build.0 = Release|Any CPU
	EndGlobalSection
	GlobalSection(SolutionProperties) = preSolution
		HideSolutionNode = FALSE
	EndGlobalSection
	GlobalSection(ExtensibilityGlobals) = postSolution
		SolutionGuid = {F09D1591-8CA3-40C3-825A-90A924972289}
	EndGlobalSection
EndGlobal
